
Microsoft Visual Studio Solution File, Format Version 12.00
# Visual Studio Version 17
VisualStudioVersion = 17.5.002.0
MinimumVisualStudioVersion = 10.0.40219.1
Project("{9A19103F-16F7-4668-BE54-9A1E7A4F7556}") = "LojaProdutos", "LojaProdutos.csproj", "{DFCB04D4-18B3-44D3-976A-2BA1802617BD}"
EndProject
Global
	GlobalSection(SolutionConfigurationPlatforms) = preSolution
		Debug|Any CPU = Debug|Any CPU
		Release|Any CPU = Release|Any CPU
	EndGlobalSection
	GlobalSection(ProjectConfigurationPlatforms) = postSolution
		{DFCB04D4-18B3-44D3-976A-2BA1802617BD}.Debug|Any CPU.ActiveCfg = Debug|Any CPU
		{DFCB04D4-18B3-44D3-976A-2BA1802617BD}.Debug|Any CPU.Build.0 = Debug|Any CPU
		{DFCB04D4-18B3-44D3-976A-2BA1802617BD}.Release|Any CPU.ActiveCfg = Release|Any CPU
		{DFCB04D4-18B3-44D3-976A-2BA1802617BD}.Release|Any CPU.Build.0 = Release|Any CPU
	EndGlobalSection
	GlobalSection(SolutionProperties) = preSolution
		HideSolutionNode = FALSE
	EndGlobalSection
	GlobalSection(ExtensibilityGlobals) = postSolution
		SolutionGuid = {596931BB-8140-4C96-A363-22FC6759DA65}
	EndGlobalSection
EndGlobal
